
Microsoft Visual Studio Solution File, Format Version 12.00
# Visual Studio Version 16
VisualStudioVersion = 16.0.33027.164
MinimumVisualStudioVersion = 10.0.40219.1
Project("{9A19103F-16F7-4668-BE54-9A1E7A4F7556}") = "ProtectDownloader", "ProtectDownloader\ProtectDownloader.csproj", "{DC08F217-DD35-4162-A861-F9685C60D647}"
EndProject
Global
	GlobalSection(SolutionConfigurationPlatforms) = preSolution
		Debug|Any CPU = Debug|Any CPU
		Release|Any CPU = Release|Any CPU
	EndGlobalSection
	GlobalSection(ProjectConfigurationPlatforms) = postSolution
		{DC08F217-DD35-4162-A861-F9685C60D647}.Debug|Any CPU.ActiveCfg = Debug|Any CPU
		{DC08F217-DD35-4162-A861-F9685C60D647}.Debug|Any CPU.Build.0 = Debug|Any CPU
		{DC08F217-DD35-4162-A861-F9685C60D647}.Release|Any CPU.ActiveCfg = Release|Any CPU
		{DC08F217-DD35-4162-A861-F9685C60D647}.Release|Any CPU.Build.0 = Release|Any CPU
	EndGlobalSection
	GlobalSection(SolutionProperties) = preSolution
		HideSolutionNode = FALSE
	EndGlobalSection
	GlobalSection(ExtensibilityGlobals) = postSolution
		SolutionGuid = {FA03017E-39BA-4BAB-8C38-BF56F16035D2}
	EndGlobalSection
EndGlobal
